
Microsoft Visual Studio Solution File, Format Version 12.00
# Visual Studio Version 16
VisualStudioVersion = 16.0.30523.141
MinimumVisualStudioVersion = 10.0.40219.1
Project("{9A19103F-16F7-4668-BE54-9A1E7A4F7556}") = "NBean", "NBean\NBean.csproj", "{A76C02AE-3797-4A47-A57A-1EED95DFFD03}"
EndProject
Project("{9A19103F-16F7-4668-BE54-9A1E7A4F7556}") = "NBean.Tests", "NBean.Tests\NBean.Tests.csproj", "{40050E24-31CE-4F2F-8522-41B225C86A3B}"
EndProject
Project("{2150E333-8FDC-42A3-9474-1A3956D46DE8}") = "Solution Items", "Solution Items", "{A6587C81-18FF-43A9-9FE4-6B2F03FCE5E0}"
	ProjectSection(SolutionItems) = preProject
		.editorconfig = .editorconfig
		.gitignore = .gitignore
		appveyor.yml = appveyor.yml
		LICENSE.txt = LICENSE.txt
		README.md = README.md
	EndProjectSection
EndProject
Global
	GlobalSection(SolutionConfigurationPlatforms) = preSolution
		Debug|Any CPU = Debug|Any CPU
		Release|Any CPU = Release|Any CPU
	EndGlobalSection
	GlobalSection(ProjectConfigurationPlatforms) = postSolution
		{A76C02AE-3797-4A47-A57A-1EED95DFFD03}.Debug|Any CPU.ActiveCfg = Debug|Any CPU
		{A76C02AE-3797-4A47-A57A-1EED95DFFD03}.Debug|Any CPU.Build.0 = Debug|Any CPU
		{A76C02AE-3797-4A47-A57A-1EED95DFFD03}.Release|Any CPU.ActiveCfg = Release|Any CPU
		{A76C02AE-3797-4A47-A57A-1EED95DFFD03}.Release|Any CPU.Build.0 = Release|Any CPU
		{40050E24-31CE-4F2F-8522-41B225C86A3B}.Debug|Any CPU.ActiveCfg = Debug|Any CPU
		{40050E24-31CE-4F2F-8522-41B225C86A3B}.Debug|Any CPU.Build.0 = Debug|Any CPU
		{40050E24-31CE-4F2F-8522-41B225C86A3B}.Release|Any CPU.ActiveCfg = Release|Any CPU
		{40050E24-31CE-4F2F-8522-41B225C86A3B}.Release|Any CPU.Build.0 = Release|Any CPU
	EndGlobalSection
	GlobalSection(SolutionProperties) = preSolution
		HideSolutionNode = FALSE
	EndGlobalSection
	GlobalSection(ExtensibilityGlobals) = postSolution
		SolutionGuid = {2F138A55-740E-432B-937D-6694BB0DD909}
	EndGlobalSection
EndGlobal
